
Microsoft Visual Studio Solution File, Format Version 12.00
# Visual Studio Version 17
VisualStudioVersion = 17.6.33723.286
MinimumVisualStudioVersion = 10.0.40219.1
Project("{9A19103F-16F7-4668-BE54-9A1E7A4F7556}") = "Mandate", "src\Entities\Mandate.csproj", "{5901FEF9-C439-4ACF-8B02-A7568007621C}"
EndProject
Project("{9A19103F-16F7-4668-BE54-9A1E7A4F7556}") = "Mandate.Tests", "tests\Entities\Mandate.Tests.csproj", "{9EF614C4-3E85-463F-8768-6B3153C47A79}"
EndProject
Project("{00D1A9C2-B5F0-4AF3-8072-F6C62B433612}") = "Mandate.Sql.Database", "src\Database\Mandate.Sql.Database.sqlproj", "{09823398-5ACA-4D0C-922E-4AE26281F7D0}"
EndProject
Project("{2150E333-8FDC-42A3-9474-1A3956D46DE8}") = "3 - Data Access Layer", "3 - Data Access Layer", "{EE6267B4-407D-41DA-8EF1-F74120752372}"
EndProject
Project("{9A19103F-16F7-4668-BE54-9A1E7A4F7556}") = "Mandate.AspNetCore", "src\Api\Mandate.AspNetCore.csproj", "{85E81F89-EAB9-4D15-A8D8-7DBE95BD5151}"
EndProject
Project("{9A19103F-16F7-4668-BE54-9A1E7A4F7556}") = "Mandate.AspNetCore.Tests", "tests\Api\Mandate.AspNetCore.Tests.csproj", "{9645D514-1AA8-4B71-BACE-0C3A4836010E}"
EndProject
Project("{2150E333-8FDC-42A3-9474-1A3956D46DE8}") = "2 - Business Logical Layer", "2 - Business Logical Layer", "{56AD78BE-D577-4945-9C93-4E89270BE320}"
EndProject
Project("{9A19103F-16F7-4668-BE54-9A1E7A4F7556}") = "Mandate.Application.Tests", "tests\Application\Mandate.Application.Tests.csproj", "{037BD4C8-C103-4126-88F9-7BFB0587241E}"
EndProject
Project("{9A19103F-16F7-4668-BE54-9A1E7A4F7556}") = "Mandate.Application", "src\Application\Mandate.Application.csproj", "{95D044EC-AE8D-47C8-90F9-61F6F9FFE89F}"
EndProject
Project("{2150E333-8FDC-42A3-9474-1A3956D46DE8}") = "5 - Azure Functions", "5 - Azure Functions", "{BEBE4B63-38E1-4956-93EB-8C28E1737EF3}"
EndProject
Project("{9A19103F-16F7-4668-BE54-9A1E7A4F7556}") = "Mandate.Client.Http.Tests", "tests\Client.Http\Mandate.Client.Http.Tests.csproj", "{7079B78E-74FA-4F3E-982B-FE097A4B0BD0}"
EndProject
Project("{9A19103F-16F7-4668-BE54-9A1E7A4F7556}") = "Mandate.Client.Http", "src\Client.Http\Mandate.Client.Http.csproj", "{63FC440C-2501-4A8D-8991-A98039F6B56A}"
EndProject
Project("{9A19103F-16F7-4668-BE54-9A1E7A4F7556}") = "Mandate.Client", "src\Client\Mandate.Client.csproj", "{131B820B-4786-49E1-B507-0AD9893F7FA3}"
EndProject
Project("{9A19103F-16F7-4668-BE54-9A1E7A4F7556}") = "Mandate.Client.Tests", "tests\Client\Mandate.Client.Tests.csproj", "{0800A8F0-9AEB-4476-AEAD-4EB593C954F8}"
EndProject
Project("{2150E333-8FDC-42A3-9474-1A3956D46DE8}") = "0 - Solution Items", "0 - Solution Items", "{1A399981-EB36-494C-857A-921582443956}"
	ProjectSection(SolutionItems) = preProject
		.editorconfig = .editorconfig
		.gitattributes = .gitattributes
		.gitignore = .gitignore
		Directory.Build.props = Directory.Build.props
		NuGet.config = NuGet.config
		README.md = README.md
		stylecop.json = stylecop.json
	EndProjectSection
EndProject
Project("{2150E333-8FDC-42A3-9474-1A3956D46DE8}") = "src", "src", "{B91881BE-0ECA-454B-8ADE-F0FE9C0EE2CC}"
	ProjectSection(SolutionItems) = preProject
		src\Directory.Build.props = src\Directory.Build.props
	EndProjectSection
EndProject
Project("{2150E333-8FDC-42A3-9474-1A3956D46DE8}") = "tests", "tests", "{B2C8C3C5-BAF0-4F57-A0F3-CBB437AF2972}"
	ProjectSection(SolutionItems) = preProject
		tests\Directory.Build.props = tests\Directory.Build.props
	EndProjectSection
EndProject
Project("{9A19103F-16F7-4668-BE54-9A1E7A4F7556}") = "Mandate.JeDeclare.Client.Http.Tests", "tests\Services.JeDeclare.Client.Http\Mandate.JeDeclare.Client.Http.Tests.csproj", "{683E0FDF-7EB8-4A5E-80C3-F6D812646D35}"
EndProject
Project("{9A19103F-16F7-4668-BE54-9A1E7A4F7556}") = "Mandate.JeDeclare.Client.Http", "src\Services.JeDeclare.Client.Http\Mandate.JeDeclare.Client.Http.csproj", "{35326AD9-BAC6-443A-9CBA-6A0970D70537}"
EndProject
Project("{9A19103F-16F7-4668-BE54-9A1E7A4F7556}") = "Mandate.JeDeclare.Client", "src\Services.JeDeclare.Client\Mandate.JeDeclare.Client.csproj", "{5F5743F4-DD79-43C7-9A6A-0B3B6FCD5340}"
EndProject
Project("{9A19103F-16F7-4668-BE54-9A1E7A4F7556}") = "Mandate.JeDeclare.Client.Tests", "tests\Services.JeDeclare.Client\Mandate.JeDeclare.Client.Tests.csproj", "{875A009C-6B66-4FD4-A51C-6453E8E24FE5}"
EndProject
Project("{9A19103F-16F7-4668-BE54-9A1E7A4F7556}") = "Mandate.Mongo.Tests", "tests\Services.Mongo\Mandate.Mongo.Tests.csproj", "{A0DB47D4-DD23-4C26-94A8-E6FCA9168EEB}"
EndProject
Project("{9A19103F-16F7-4668-BE54-9A1E7A4F7556}") = "Mandate.Mongo", "src\Services.Mongo\Mandate.Mongo.csproj", "{B532C4F4-42BE-4670-90F9-0D7805983E55}"
EndProject
Project("{9A19103F-16F7-4668-BE54-9A1E7A4F7556}") = "Mandate.Sql", "src\Services.Sql\Mandate.Sql.csproj", "{3AC98971-F59F-40C7-B429-CE73096F9E22}"
EndProject
Project("{9A19103F-16F7-4668-BE54-9A1E7A4F7556}") = "Mandate.Sql.Tests", "tests\Services.Sql\Mandate.Sql.Tests.csproj", "{A2A0E54F-83B0-414B-98C6-52BB34FCCF69}"
EndProject
Project("{2150E333-8FDC-42A3-9474-1A3956D46DE8}") = "unit tests tools", "unit tests tools", "{43A41F6F-113A-4FFE-8EF1-80DA3DAC1934}"
EndProject
Project("{9A19103F-16F7-4668-BE54-9A1E7A4F7556}") = "Mandate.Tools.Tests", "tests\Tools\Mandate.Tools.Tests.csproj", "{26E7056B-D3FB-4E08-8666-412275C18925}"
EndProject
Project("{9A19103F-16F7-4668-BE54-9A1E7A4F7556}") = "Mandate.Sql.Implementation.Tests", "tests\Services.Sql.Implementation\Mandate.Sql.Implementation.Tests.csproj", "{EACC8726-C145-414B-85EB-84D814844617}"
EndProject
Project("{9A19103F-16F7-4668-BE54-9A1E7A4F7556}") = "Mandate.Sql.Implementation", "src\Services.Sql.Implementation\Mandate.Sql.Implementation.csproj", "{4B8DE859-6987-46A1-826D-A3B163D013F8}"
EndProject
Project("{9A19103F-16F7-4668-BE54-9A1E7A4F7556}") = "Mandate.Mongo.Implementation", "src\Services.Mongo.Implementation\Mandate.Mongo.Implementation.csproj", "{4F38095E-6839-4712-9196-B3BA98C1BB2D}"
EndProject
Project("{9A19103F-16F7-4668-BE54-9A1E7A4F7556}") = "Mandate.Mongo.Implementation.Tests", "tests\Services.Mongo.Implementation\Mandate.Mongo.Implementation.Tests.csproj", "{A2C01FD5-19AA-4981-A724-0244C0814B97}"
EndProject
Project("{9A19103F-16F7-4668-BE54-9A1E7A4F7556}") = "Mandate.Adapters.Tests", "tests\Adapters\Mandate.Adapters.Tests.csproj", "{20121667-ED03-428B-AAE7-489F228770AA}"
EndProject
Project("{9A19103F-16F7-4668-BE54-9A1E7A4F7556}") = "Mandate.Adapters", "src\Adapters\Mandate.Adapters.csproj", "{3621DC83-C516-43EF-90BB-E31FBAD37DF1}"
EndProject
Project("{2150E333-8FDC-42A3-9474-1A3956D46DE8}") = "1 - Web API", "1 - Web API", "{1488EDD1-B2E9-4797-8C13-8415B9353B76}"
EndProject
Project("{2150E333-8FDC-42A3-9474-1A3956D46DE8}") = "4 - SQL Database", "4 - SQL Database", "{E3EC086A-36FD-4910-A7D5-61DF3209605B}"
EndProject
Project("{9A19103F-16F7-4668-BE54-9A1E7A4F7556}") = "Mandate.Formio.Client.Tests", "tests\Services.Formio.Client\Mandate.Formio.Client.Tests.csproj", "{18895B4F-1F5B-4BCA-A443-A535F9E14343}"
EndProject
Project("{9A19103F-16F7-4668-BE54-9A1E7A4F7556}") = "Mandate.Formio.Client.Http.Tests", "tests\Services.Formio.Client.Http\Mandate.Formio.Client.Http.Tests.csproj", "{98D8A875-FBC2-44DB-B68B-80E02679883F}"
EndProject
Project("{9A19103F-16F7-4668-BE54-9A1E7A4F7556}") = "Mandate.Formio.Client", "src\Services.Formio.Client\Mandate.Formio.Client.csproj", "{81A682F8-B58F-43BD-9C77-4B2ACC234B9A}"
EndProject
Project("{9A19103F-16F7-4668-BE54-9A1E7A4F7556}") = "Mandate.Formio.Client.Http", "src\Services.Formio.Client.Http\Mandate.Formio.Client.Http.csproj", "{F262E17F-2040-484C-8F9E-3C36C85E0D05}"
EndProject
Global
	GlobalSection(SolutionConfigurationPlatforms) = preSolution
		Debug|Any CPU = Debug|Any CPU
		Release|Any CPU = Release|Any CPU
	EndGlobalSection
	GlobalSection(ProjectConfigurationPlatforms) = postSolution
		{5901FEF9-C439-4ACF-8B02-A7568007621C}.Debug|Any CPU.ActiveCfg = Debug|Any CPU
		{5901FEF9-C439-4ACF-8B02-A7568007621C}.Debug|Any CPU.Build.0 = Debug|Any CPU
		{5901FEF9-C439-4ACF-8B02-A7568007621C}.Release|Any CPU.ActiveCfg = Release|Any CPU
		{5901FEF9-C439-4ACF-8B02-A7568007621C}.Release|Any CPU.Build.0 = Release|Any CPU
		{9EF614C4-3E85-463F-8768-6B3153C47A79}.Debug|Any CPU.ActiveCfg = Debug|Any CPU
		{9EF614C4-3E85-463F-8768-6B3153C47A79}.Debug|Any CPU.Build.0 = Debug|Any CPU
		{9EF614C4-3E85-463F-8768-6B3153C47A79}.Release|Any CPU.ActiveCfg = Release|Any CPU
		{9EF614C4-3E85-463F-8768-6B3153C47A79}.Release|Any CPU.Build.0 = Release|Any CPU
		{09823398-5ACA-4D0C-922E-4AE26281F7D0}.Debug|Any CPU.ActiveCfg = Debug|Any CPU
		{09823398-5ACA-4D0C-922E-4AE26281F7D0}.Debug|Any CPU.Build.0 = Debug|Any CPU
		{09823398-5ACA-4D0C-922E-4AE26281F7D0}.Debug|Any CPU.Deploy.0 = Debug|Any CPU
		{09823398-5ACA-4D0C-922E-4AE26281F7D0}.Release|Any CPU.ActiveCfg = Release|Any CPU
		{09823398-5ACA-4D0C-922E-4AE26281F7D0}.Release|Any CPU.Build.0 = Release|Any CPU
		{09823398-5ACA-4D0C-922E-4AE26281F7D0}.Release|Any CPU.Deploy.0 = Release|Any CPU
		{85E81F89-EAB9-4D15-A8D8-7DBE95BD5151}.Debug|Any CPU.ActiveCfg = Debug|Any CPU
		{85E81F89-EAB9-4D15-A8D8-7DBE95BD5151}.Debug|Any CPU.Build.0 = Debug|Any CPU
		{85E81F89-EAB9-4D15-A8D8-7DBE95BD5151}.Release|Any CPU.ActiveCfg = Release|Any CPU
		{85E81F89-EAB9-4D15-A8D8-7DBE95BD5151}.Release|Any CPU.Build.0 = Release|Any CPU
		{9645D514-1AA8-4B71-BACE-0C3A4836010E}.Debug|Any CPU.ActiveCfg = Debug|Any CPU
		{9645D514-1AA8-4B71-BACE-0C3A4836010E}.Debug|Any CPU.Build.0 = Debug|Any CPU
		{9645D514-1AA8-4B71-BACE-0C3A4836010E}.Release|Any CPU.ActiveCfg = Release|Any CPU
		{9645D514-1AA8-4B71-BACE-0C3A4836010E}.Release|Any CPU.Build.0 = Release|Any CPU
		{037BD4C8-C103-4126-88F9-7BFB0587241E}.Debug|Any CPU.ActiveCfg = Debug|Any CPU
		{037BD4C8-C103-4126-88F9-7BFB0587241E}.Debug|Any CPU.Build.0 = Debug|Any CPU
		{037BD4C8-C103-4126-88F9-7BFB0587241E}.Release|Any CPU.ActiveCfg = Release|Any CPU
		{037BD4C8-C103-4126-88F9-7BFB0587241E}.Release|Any CPU.Build.0 = Release|Any CPU
		{95D044EC-AE8D-47C8-90F9-61F6F9FFE89F}.Debug|Any CPU.ActiveCfg = Debug|Any CPU
		{95D044EC-AE8D-47C8-90F9-61F6F9FFE89F}.Debug|Any CPU.Build.0 = Debug|Any CPU
		{95D044EC-AE8D-47C8-90F9-61F6F9FFE89F}.Release|Any CPU.ActiveCfg = Release|Any CPU
		{95D044EC-AE8D-47C8-90F9-61F6F9FFE89F}.Release|Any CPU.Build.0 = Release|Any CPU
		{7079B78E-74FA-4F3E-982B-FE097A4B0BD0}.Debug|Any CPU.ActiveCfg = Debug|Any CPU
		{7079B78E-74FA-4F3E-982B-FE097A4B0BD0}.Debug|Any CPU.Build.0 = Debug|Any CPU
		{7079B78E-74FA-4F3E-982B-FE097A4B0BD0}.Release|Any CPU.ActiveCfg = Release|Any CPU
		{7079B78E-74FA-4F3E-982B-FE097A4B0BD0}.Release|Any CPU.Build.0 = Release|Any CPU
		{63FC440C-2501-4A8D-8991-A98039F6B56A}.Debug|Any CPU.ActiveCfg = Debug|Any CPU
		{63FC440C-2501-4A8D-8991-A98039F6B56A}.Debug|Any CPU.Build.0 = Debug|Any CPU
		{63FC440C-2501-4A8D-8991-A98039F6B56A}.Release|Any CPU.ActiveCfg = Release|Any CPU
		{63FC440C-2501-4A8D-8991-A98039F6B56A}.Release|Any CPU.Build.0 = Release|Any CPU
		{131B820B-4786-49E1-B507-0AD9893F7FA3}.Debug|Any CPU.ActiveCfg = Debug|Any CPU
		{131B820B-4786-49E1-B507-0AD9893F7FA3}.Debug|Any CPU.Build.0 = Debug|Any CPU
		{131B820B-4786-49E1-B507-0AD9893F7FA3}.Release|Any CPU.ActiveCfg = Release|Any CPU
		{131B820B-4786-49E1-B507-0AD9893F7FA3}.Release|Any CPU.Build.0 = Release|Any CPU
		{0800A8F0-9AEB-4476-AEAD-4EB593C954F8}.Debug|Any CPU.ActiveCfg = Debug|Any CPU
		{0800A8F0-9AEB-4476-AEAD-4EB593C954F8}.Debug|Any CPU.Build.0 = Debug|Any CPU
		{0800A8F0-9AEB-4476-AEAD-4EB593C954F8}.Release|Any CPU.ActiveCfg = Release|Any CPU
		{0800A8F0-9AEB-4476-AEAD-4EB593C954F8}.Release|Any CPU.Build.0 = Release|Any CPU
		{683E0FDF-7EB8-4A5E-80C3-F6D812646D35}.Debug|Any CPU.ActiveCfg = Debug|Any CPU
		{683E0FDF-7EB8-4A5E-80C3-F6D812646D35}.Debug|Any CPU.Build.0 = Debug|Any CPU
		{683E0FDF-7EB8-4A5E-80C3-F6D812646D35}.Release|Any CPU.ActiveCfg = Release|Any CPU
		{683E0FDF-7EB8-4A5E-80C3-F6D812646D35}.Release|Any CPU.Build.0 = Release|Any CPU
		{35326AD9-BAC6-443A-9CBA-6A0970D70537}.Debug|Any CPU.ActiveCfg = Debug|Any CPU
		{35326AD9-BAC6-443A-9CBA-6A0970D70537}.Debug|Any CPU.Build.0 = Debug|Any CPU
		{35326AD9-BAC6-443A-9CBA-6A0970D70537}.Release|Any CPU.ActiveCfg = Release|Any CPU
		{35326AD9-BAC6-443A-9CBA-6A0970D70537}.Release|Any CPU.Build.0 = Release|Any CPU
		{5F5743F4-DD79-43C7-9A6A-0B3B6FCD5340}.Debug|Any CPU.ActiveCfg = Debug|Any CPU
		{5F5743F4-DD79-43C7-9A6A-0B3B6FCD5340}.Debug|Any CPU.Build.0 = Debug|Any CPU
		{5F5743F4-DD79-43C7-9A6A-0B3B6FCD5340}.Release|Any CPU.ActiveCfg = Release|Any CPU
		{5F5743F4-DD79-43C7-9A6A-0B3B6FCD5340}.Release|Any CPU.Build.0 = Release|Any CPU
		{875A009C-6B66-4FD4-A51C-6453E8E24FE5}.Debug|Any CPU.ActiveCfg = Debug|Any CPU
		{875A009C-6B66-4FD4-A51C-6453E8E24FE5}.Debug|Any CPU.Build.0 = Debug|Any CPU
		{875A009C-6B66-4FD4-A51C-6453E8E24FE5}.Release|Any CPU.ActiveCfg = Release|Any CPU
		{875A009C-6B66-4FD4-A51C-6453E8E24FE5}.Release|Any CPU.Build.0 = Release|Any CPU
		{A0DB47D4-DD23-4C26-94A8-E6FCA9168EEB}.Debug|Any CPU.ActiveCfg = Debug|Any CPU
		{A0DB47D4-DD23-4C26-94A8-E6FCA9168EEB}.Debug|Any CPU.Build.0 = Debug|Any CPU
		{A0DB47D4-DD23-4C26-94A8-E6FCA9168EEB}.Release|Any CPU.ActiveCfg = Release|Any CPU
		{A0DB47D4-DD23-4C26-94A8-E6FCA9168EEB}.Release|Any CPU.Build.0 = Release|Any CPU
		{B532C4F4-42BE-4670-90F9-0D7805983E55}.Debug|Any CPU.ActiveCfg = Debug|Any CPU
		{B532C4F4-42BE-4670-90F9-0D7805983E55}.Debug|Any CPU.Build.0 = Debug|Any CPU
		{B532C4F4-42BE-4670-90F9-0D7805983E55}.Release|Any CPU.ActiveCfg = Release|Any CPU
		{B532C4F4-42BE-4670-90F9-0D7805983E55}.Release|Any CPU.Build.0 = Release|Any CPU
		{3AC98971-F59F-40C7-B429-CE73096F9E22}.Debug|Any CPU.ActiveCfg = Debug|Any CPU
		{3AC98971-F59F-40C7-B429-CE73096F9E22}.Debug|Any CPU.Build.0 = Debug|Any CPU
		{3AC98971-F59F-40C7-B429-CE73096F9E22}.Release|Any CPU.ActiveCfg = Release|Any CPU
		{3AC98971-F59F-40C7-B429-CE73096F9E22}.Release|Any CPU.Build.0 = Release|Any CPU
		{A2A0E54F-83B0-414B-98C6-52BB34FCCF69}.Debug|Any CPU.ActiveCfg = Debug|Any CPU
		{A2A0E54F-83B0-414B-98C6-52BB34FCCF69}.Debug|Any CPU.Build.0 = Debug|Any CPU
		{A2A0E54F-83B0-414B-98C6-52BB34FCCF69}.Release|Any CPU.ActiveCfg = Release|Any CPU
		{A2A0E54F-83B0-414B-98C6-52BB34FCCF69}.Release|Any CPU.Build.0 = Release|Any CPU
		{26E7056B-D3FB-4E08-8666-412275C18925}.Debug|Any CPU.ActiveCfg = Debug|Any CPU
		{26E7056B-D3FB-4E08-8666-412275C18925}.Debug|Any CPU.Build.0 = Debug|Any CPU
		{26E7056B-D3FB-4E08-8666-412275C18925}.Release|Any CPU.ActiveCfg = Release|Any CPU
		{26E7056B-D3FB-4E08-8666-412275C18925}.Release|Any CPU.Build.0 = Release|Any CPU
		{EACC8726-C145-414B-85EB-84D814844617}.Debug|Any CPU.ActiveCfg = Debug|Any CPU
		{EACC8726-C145-414B-85EB-84D814844617}.Debug|Any CPU.Build.0 = Debug|Any CPU
		{EACC8726-C145-414B-85EB-84D814844617}.Release|Any CPU.ActiveCfg = Release|Any CPU
		{EACC8726-C145-414B-85EB-84D814844617}.Release|Any CPU.Build.0 = Release|Any CPU
		{4B8DE859-6987-46A1-826D-A3B163D013F8}.Debug|Any CPU.ActiveCfg = Debug|Any CPU
		{4B8DE859-6987-46A1-826D-A3B163D013F8}.Debug|Any CPU.Build.0 = Debug|Any CPU
		{4B8DE859-6987-46A1-826D-A3B163D013F8}.Release|Any CPU.ActiveCfg = Release|Any CPU
		{4B8DE859-6987-46A1-826D-A3B163D013F8}.Release|Any CPU.Build.0 = Release|Any CPU
		{4F38095E-6839-4712-9196-B3BA98C1BB2D}.Debug|Any CPU.ActiveCfg = Debug|Any CPU
		{4F38095E-6839-4712-9196-B3BA98C1BB2D}.Debug|Any CPU.Build.0 = Debug|Any CPU
		{4F38095E-6839-4712-9196-B3BA98C1BB2D}.Release|Any CPU.ActiveCfg = Release|Any CPU
		{4F38095E-6839-4712-9196-B3BA98C1BB2D}.Release|Any CPU.Build.0 = Release|Any CPU
		{A2C01FD5-19AA-4981-A724-0244C0814B97}.Debug|Any CPU.ActiveCfg = Debug|Any CPU
		{A2C01FD5-19AA-4981-A724-0244C0814B97}.Debug|Any CPU.Build.0 = Debug|Any CPU
		{A2C01FD5-19AA-4981-A724-0244C0814B97}.Release|Any CPU.ActiveCfg = Release|Any CPU
		{A2C01FD5-19AA-4981-A724-0244C0814B97}.Release|Any CPU.Build.0 = Release|Any CPU
		{20121667-ED03-428B-AAE7-489F228770AA}.Debug|Any CPU.ActiveCfg = Debug|Any CPU
		{20121667-ED03-428B-AAE7-489F228770AA}.Debug|Any CPU.Build.0 = Debug|Any CPU
		{20121667-ED03-428B-AAE7-489F228770AA}.Release|Any CPU.ActiveCfg = Release|Any CPU
		{20121667-ED03-428B-AAE7-489F228770AA}.Release|Any CPU.Build.0 = Release|Any CPU
		{3621DC83-C516-43EF-90BB-E31FBAD37DF1}.Debug|Any CPU.ActiveCfg = Debug|Any CPU
		{3621DC83-C516-43EF-90BB-E31FBAD37DF1}.Debug|Any CPU.Build.0 = Debug|Any CPU
		{3621DC83-C516-43EF-90BB-E31FBAD37DF1}.Release|Any CPU.ActiveCfg = Release|Any CPU
		{3621DC83-C516-43EF-90BB-E31FBAD37DF1}.Release|Any CPU.Build.0 = Release|Any CPU
		{18895B4F-1F5B-4BCA-A443-A535F9E14343}.Debug|Any CPU.ActiveCfg = Debug|Any CPU
		{18895B4F-1F5B-4BCA-A443-A535F9E14343}.Debug|Any CPU.Build.0 = Debug|Any CPU
		{18895B4F-1F5B-4BCA-A443-A535F9E14343}.Release|Any CPU.ActiveCfg = Release|Any CPU
		{18895B4F-1F5B-4BCA-A443-A535F9E14343}.Release|Any CPU.Build.0 = Release|Any CPU
		{98D8A875-FBC2-44DB-B68B-80E02679883F}.Debug|Any CPU.ActiveCfg = Debug|Any CPU
		{98D8A875-FBC2-44DB-B68B-80E02679883F}.Debug|Any CPU.Build.0 = Debug|Any CPU
		{98D8A875-FBC2-44DB-B68B-80E02679883F}.Release|Any CPU.ActiveCfg = Release|Any CPU
		{98D8A875-FBC2-44DB-B68B-80E02679883F}.Release|Any CPU.Build.0 = Release|Any CPU
		{81A682F8-B58F-43BD-9C77-4B2ACC234B9A}.Debug|Any CPU.ActiveCfg = Debug|Any CPU
		{81A682F8-B58F-43BD-9C77-4B2ACC234B9A}.Debug|Any CPU.Build.0 = Debug|Any CPU
		{81A682F8-B58F-43BD-9C77-4B2ACC234B9A}.Release|Any CPU.ActiveCfg = Release|Any CPU
		{81A682F8-B58F-43BD-9C77-4B2ACC234B9A}.Release|Any CPU.Build.0 = Release|Any CPU
		{F262E17F-2040-484C-8F9E-3C36C85E0D05}.Debug|Any CPU.ActiveCfg = Debug|Any CPU
		{F262E17F-2040-484C-8F9E-3C36C85E0D05}.Debug|Any CPU.Build.0 = Debug|Any CPU
		{F262E17F-2040-484C-8F9E-3C36C85E0D05}.Release|Any CPU.ActiveCfg = Release|Any CPU
		{F262E17F-2040-484C-8F9E-3C36C85E0D05}.Release|Any CPU.Build.0 = Release|Any CPU
	EndGlobalSection
	GlobalSection(SolutionProperties) = preSolution
		HideSolutionNode = FALSE
	EndGlobalSection
	GlobalSection(NestedProjects) = preSolution
		{5901FEF9-C439-4ACF-8B02-A7568007621C} = {56AD78BE-D577-4945-9C93-4E89270BE320}
		{9EF614C4-3E85-463F-8768-6B3153C47A79} = {56AD78BE-D577-4945-9C93-4E89270BE320}
		{09823398-5ACA-4D0C-922E-4AE26281F7D0} = {E3EC086A-36FD-4910-A7D5-61DF3209605B}
		{85E81F89-EAB9-4D15-A8D8-7DBE95BD5151} = {1488EDD1-B2E9-4797-8C13-8415B9353B76}
		{9645D514-1AA8-4B71-BACE-0C3A4836010E} = {1488EDD1-B2E9-4797-8C13-8415B9353B76}
		{037BD4C8-C103-4126-88F9-7BFB0587241E} = {56AD78BE-D577-4945-9C93-4E89270BE320}
		{95D044EC-AE8D-47C8-90F9-61F6F9FFE89F} = {56AD78BE-D577-4945-9C93-4E89270BE320}
		{7079B78E-74FA-4F3E-982B-FE097A4B0BD0} = {1488EDD1-B2E9-4797-8C13-8415B9353B76}
		{63FC440C-2501-4A8D-8991-A98039F6B56A} = {1488EDD1-B2E9-4797-8C13-8415B9353B76}
		{131B820B-4786-49E1-B507-0AD9893F7FA3} = {1488EDD1-B2E9-4797-8C13-8415B9353B76}
		{0800A8F0-9AEB-4476-AEAD-4EB593C954F8} = {1488EDD1-B2E9-4797-8C13-8415B9353B76}
		{B91881BE-0ECA-454B-8ADE-F0FE9C0EE2CC} = {1A399981-EB36-494C-857A-921582443956}
		{B2C8C3C5-BAF0-4F57-A0F3-CBB437AF2972} = {1A399981-EB36-494C-857A-921582443956}
		{683E0FDF-7EB8-4A5E-80C3-F6D812646D35} = {EE6267B4-407D-41DA-8EF1-F74120752372}
		{35326AD9-BAC6-443A-9CBA-6A0970D70537} = {EE6267B4-407D-41DA-8EF1-F74120752372}
		{5F5743F4-DD79-43C7-9A6A-0B3B6FCD5340} = {EE6267B4-407D-41DA-8EF1-F74120752372}
		{875A009C-6B66-4FD4-A51C-6453E8E24FE5} = {EE6267B4-407D-41DA-8EF1-F74120752372}
		{A0DB47D4-DD23-4C26-94A8-E6FCA9168EEB} = {EE6267B4-407D-41DA-8EF1-F74120752372}
		{B532C4F4-42BE-4670-90F9-0D7805983E55} = {EE6267B4-407D-41DA-8EF1-F74120752372}
		{3AC98971-F59F-40C7-B429-CE73096F9E22} = {EE6267B4-407D-41DA-8EF1-F74120752372}
		{A2A0E54F-83B0-414B-98C6-52BB34FCCF69} = {EE6267B4-407D-41DA-8EF1-F74120752372}
		{43A41F6F-113A-4FFE-8EF1-80DA3DAC1934} = {1A399981-EB36-494C-857A-921582443956}
		{26E7056B-D3FB-4E08-8666-412275C18925} = {43A41F6F-113A-4FFE-8EF1-80DA3DAC1934}
		{EACC8726-C145-414B-85EB-84D814844617} = {EE6267B4-407D-41DA-8EF1-F74120752372}
		{4B8DE859-6987-46A1-826D-A3B163D013F8} = {EE6267B4-407D-41DA-8EF1-F74120752372}
		{4F38095E-6839-4712-9196-B3BA98C1BB2D} = {EE6267B4-407D-41DA-8EF1-F74120752372}
		{A2C01FD5-19AA-4981-A724-0244C0814B97} = {EE6267B4-407D-41DA-8EF1-F74120752372}
		{20121667-ED03-428B-AAE7-489F228770AA} = {56AD78BE-D577-4945-9C93-4E89270BE320}
		{3621DC83-C516-43EF-90BB-E31FBAD37DF1} = {56AD78BE-D577-4945-9C93-4E89270BE320}
		{18895B4F-1F5B-4BCA-A443-A535F9E14343} = {EE6267B4-407D-41DA-8EF1-F74120752372}
		{98D8A875-FBC2-44DB-B68B-80E02679883F} = {EE6267B4-407D-41DA-8EF1-F74120752372}
		{81A682F8-B58F-43BD-9C77-4B2ACC234B9A} = {EE6267B4-407D-41DA-8EF1-F74120752372}
		{F262E17F-2040-484C-8F9E-3C36C85E0D05} = {EE6267B4-407D-41DA-8EF1-F74120752372}
	EndGlobalSection
	GlobalSection(ExtensibilityGlobals) = postSolution
		SolutionGuid = {97AB0967-2109-4F52-B629-DEA955BFEF4D}
	EndGlobalSection
EndGlobal
