
Microsoft Visual Studio Solution File, Format Version 12.00
# Visual Studio Version 17
VisualStudioVersion = 17.8.34511.84
MinimumVisualStudioVersion = 10.0.40219.1
Project("{9A19103F-16F7-4668-BE54-9A1E7A4F7556}") = "KPMG.Pulse.Back.Accounting.Mandate.Function", "src\Mandate.AzureFunctions\KPMG.Pulse.Back.Accounting.Mandate.Function.csproj", "{1A584AA4-EE52-48D3-9163-02272642F1BC}"
EndProject
Project("{9A19103F-16F7-4668-BE54-9A1E7A4F7556}") = "Mandate.AzureFunctions.Tests", "tests\Mandate.AzureFunctions.Tests\Mandate.AzureFunctions.Tests.csproj", "{84680BFA-6F91-449C-9F79-5C17CB4618D8}"
EndProject
Project("{2150E333-8FDC-42A3-9474-1A3956D46DE8}") = "0 - Solution Items", "0 - Solution Items", "{D4125C35-76A4-4FE0-9639-134F52A8CDBC}"
	ProjectSection(SolutionItems) = preProject
		.editorconfig = .editorconfig
		.gitattributes = .gitattributes
		.gitignore = .gitignore
		Directory.Build.props = Directory.Build.props
		NuGet.config = NuGet.config
		README.md = README.md
		stylecop.json = stylecop.json
	EndProjectSection
EndProject
Project("{2150E333-8FDC-42A3-9474-1A3956D46DE8}") = "tests", "tests", "{4474F02E-F97A-4AED-A29E-EFCBECEFADD5}"
	ProjectSection(SolutionItems) = preProject
		tests\Directory.Build.props = tests\Directory.Build.props
	EndProjectSection
EndProject
Project("{9A19103F-16F7-4668-BE54-9A1E7A4F7556}") = "Mandate.Sql.Implementation", "..\01_API\src\Services.Sql.Implementation\Mandate.Sql.Implementation.csproj", "{C5AB9B65-A2E1-4D15-ABB9-8E3C846616D7}"
EndProject
Project("{9A19103F-16F7-4668-BE54-9A1E7A4F7556}") = "Mandate.Sql", "..\01_API\src\Services.Sql\Mandate.Sql.csproj", "{5188404F-5DBE-4D18-8AA5-C77556D8666A}"
EndProject
Global
	GlobalSection(SolutionConfigurationPlatforms) = preSolution
		Debug|Any CPU = Debug|Any CPU
		Release|Any CPU = Release|Any CPU
	EndGlobalSection
	GlobalSection(ProjectConfigurationPlatforms) = postSolution
		{1A584AA4-EE52-48D3-9163-02272642F1BC}.Debug|Any CPU.ActiveCfg = Debug|Any CPU
		{1A584AA4-EE52-48D3-9163-02272642F1BC}.Debug|Any CPU.Build.0 = Debug|Any CPU
		{1A584AA4-EE52-48D3-9163-02272642F1BC}.Release|Any CPU.ActiveCfg = Release|Any CPU
		{1A584AA4-EE52-48D3-9163-02272642F1BC}.Release|Any CPU.Build.0 = Release|Any CPU
		{84680BFA-6F91-449C-9F79-5C17CB4618D8}.Debug|Any CPU.ActiveCfg = Debug|Any CPU
		{84680BFA-6F91-449C-9F79-5C17CB4618D8}.Debug|Any CPU.Build.0 = Debug|Any CPU
		{84680BFA-6F91-449C-9F79-5C17CB4618D8}.Release|Any CPU.ActiveCfg = Release|Any CPU
		{84680BFA-6F91-449C-9F79-5C17CB4618D8}.Release|Any CPU.Build.0 = Release|Any CPU
		{C5AB9B65-A2E1-4D15-ABB9-8E3C846616D7}.Debug|Any CPU.ActiveCfg = Debug|Any CPU
		{C5AB9B65-A2E1-4D15-ABB9-8E3C846616D7}.Debug|Any CPU.Build.0 = Debug|Any CPU
		{C5AB9B65-A2E1-4D15-ABB9-8E3C846616D7}.Release|Any CPU.ActiveCfg = Release|Any CPU
		{C5AB9B65-A2E1-4D15-ABB9-8E3C846616D7}.Release|Any CPU.Build.0 = Release|Any CPU
		{5188404F-5DBE-4D18-8AA5-C77556D8666A}.Debug|Any CPU.ActiveCfg = Debug|Any CPU
		{5188404F-5DBE-4D18-8AA5-C77556D8666A}.Debug|Any CPU.Build.0 = Debug|Any CPU
		{5188404F-5DBE-4D18-8AA5-C77556D8666A}.Release|Any CPU.ActiveCfg = Release|Any CPU
		{5188404F-5DBE-4D18-8AA5-C77556D8666A}.Release|Any CPU.Build.0 = Release|Any CPU
	EndGlobalSection
	GlobalSection(SolutionProperties) = preSolution
		HideSolutionNode = FALSE
	EndGlobalSection
	GlobalSection(NestedProjects) = preSolution
		{4474F02E-F97A-4AED-A29E-EFCBECEFADD5} = {D4125C35-76A4-4FE0-9639-134F52A8CDBC}
	EndGlobalSection
	GlobalSection(ExtensibilityGlobals) = postSolution
		SolutionGuid = {58EB6B39-90E9-4B5C-9B83-A2F83B9546A2}
	EndGlobalSection
EndGlobal
